
Microsoft Visual Studio Solution File, Format Version 12.00
# Visual Studio Version 17
VisualStudioVersion = 17.5.33516.290
MinimumVisualStudioVersion = 10.0.40219.1
Project("{FAE04EC0-301F-11D3-BF4B-00C04F79EFBC}") = "Geometria", "Geometria\Geometria.csproj", "{BFEFD35E-760E-487A-939F-529E1648397B}"
EndProject
Global
	GlobalSection(SolutionConfigurationPlatforms) = preSolution
		Debug|Any CPU = Debug|Any CPU
		Release|Any CPU = Release|Any CPU
	EndGlobalSection
	GlobalSection(ProjectConfigurationPlatforms) = postSolution
		{BFEFD35E-760E-487A-939F-529E1648397B}.Debug|Any CPU.ActiveCfg = Debug|Any CPU
		{BFEFD35E-760E-487A-939F-529E1648397B}.Debug|Any CPU.Build.0 = Debug|Any CPU
		{BFEFD35E-760E-487A-939F-529E1648397B}.Release|Any CPU.ActiveCfg = Release|Any CPU
		{BFEFD35E-760E-487A-939F-529E1648397B}.Release|Any CPU.Build.0 = Release|Any CPU
	EndGlobalSection
	GlobalSection(SolutionProperties) = preSolution
		HideSolutionNode = FALSE
	EndGlobalSection
	GlobalSection(ExtensibilityGlobals) = postSolution
		SolutionGuid = {231EA20B-3450-41F7-BECD-E609E881856B}
	EndGlobalSection
EndGlobal
